lockfileVersion: '9.0'

settings:
  autoInstallPeers: true
  excludeLinksFromLockfile: false

importers:

  .:
    devDependencies:
      '@redocly/cli':
        specifier: 2.49.1
        version: 2.49.1

packages:

  '@redocly/cli@2.49.1':
    resolution: {integrity: sha512-8/7uAXm5ryOTyrXwh1MCYLD/91lY5WsoXPAmMSCxBc2dmh9O7TU77HntL/tUkV9M83wmwx3GP4EMYryDidostQ==}
    engines: {node: '>=22.12.0 || >=20.19.0 <21.0.0', npm: '>=10'}
    hasBin: true

snapshots:

  '@redocly/cli@2.49.1': {}
